
Microsoft Visual Studio Solution File, Format Version 12.00
# Visual Studio 15
VisualStudioVersion = 15.0.27130.2027
MinimumVisualStudioVersion = 10.0.40219.1
Project("{9A19103F-16F7-4668-BE54-9A1E7A4F7556}") = "ChatClient", "ChatClient\ChatClient.csproj", "{2D321266-CA6C-4942-AC23-726DBB4B8146}"
EndProject
Project("{9A19103F-16F7-4668-BE54-9A1E7A4F7556}") = "ChatMessages", "ChatMessages\ChatMessages.csproj", "{BB3B5D33-5E51-40B3-9450-73F9EAE0DC99}"
EndProject
Project("{9A19103F-16F7-4668-BE54-9A1E7A4F7556}") = "ChatServer", "ChatServer\ChatServer.csproj", "{5932CFEC-F6CF-427F-97C4-A1140E2B810D}"
EndProject
Global
	GlobalSection(SolutionConfigurationPlatforms) = preSolution
		Debug|Any CPU = Debug|Any CPU
		Release|Any CPU = Release|Any CPU
	EndGlobalSection
	GlobalSection(ProjectConfigurationPlatforms) = postSolution
		{2D321266-CA6C-4942-AC23-726DBB4B8146}.Debug|Any CPU.ActiveCfg = Debug|Any CPU
		{2D321266-CA6C-4942-AC23-726DBB4B8146}.Debug|Any CPU.Build.0 = Debug|Any CPU
		{2D321266-CA6C-4942-AC23-726DBB4B8146}.Release|Any CPU.ActiveCfg = Release|Any CPU
		{2D321266-CA6C-4942-AC23-726DBB4B8146}.Release|Any CPU.Build.0 = Release|Any CPU
		{BB3B5D33-5E51-40B3-9450-73F9EAE0DC99}.Debug|Any CPU.ActiveCfg = Debug|Any CPU
		{BB3B5D33-5E51-40B3-9450-73F9EAE0DC99}.Debug|Any CPU.Build.0 = Debug|Any CPU
		{BB3B5D33-5E51-40B3-9450-73F9EAE0DC99}.Release|Any CPU.ActiveCfg = Release|Any CPU
		{BB3B5D33-5E51-40B3-9450-73F9EAE0DC99}.Release|Any CPU.Build.0 = Release|Any CPU
		{5932CFEC-F6CF-427F-97C4-A1140E2B810D}.Debug|Any CPU.ActiveCfg = Debug|Any CPU
		{5932CFEC-F6CF-427F-97C4-A1140E2B810D}.Debug|Any CPU.Build.0 = Debug|Any CPU
		{5932CFEC-F6CF-427F-97C4-A1140E2B810D}.Release|Any CPU.ActiveCfg = Release|Any CPU
		{5932CFEC-F6CF-427F-97C4-A1140E2B810D}.Release|Any CPU.Build.0 = Release|Any CPU
	EndGlobalSection
	GlobalSection(SolutionProperties) = preSolution
		HideSolutionNode = FALSE
	EndGlobalSection
	GlobalSection(ExtensibilityGlobals) = postSolution
		SolutionGuid = {CF6CAE24-C99E-442E-A4CE-EC7E935EA948}
	EndGlobalSection
EndGlobal
